
Microsoft Visual Studio Solution File, Format Version 12.00
# Visual Studio Version 16
VisualStudioVersion = 16.0.29326.143
MinimumVisualStudioVersion = 10.0.40219.1
Project("{FAE04EC0-301F-11D3-BF4B-00C04F79EFBC}") = "EnterpriseProject.Core", "EnterpriseProject.Core\EnterpriseProject.Core.csproj", "{2EC6EC08-6611-4D81-9BE8-6729DB3C6A74}"
EndProject
Project("{FAE04EC0-301F-11D3-BF4B-00C04F79EFBC}") = "EnterpriseProject.Project.Entities", "EnterpriseProject.Project.Entities\EnterpriseProject.Project.Entities.csproj", "{4E099C6C-A901-443D-B9ED-BF4B7A78F350}"
EndProject
Project("{FAE04EC0-301F-11D3-BF4B-00C04F79EFBC}") = "EnterpriseProject.Project.DataAccess", "EnterpriseProject.Project.DataAccess\EnterpriseProject.Project.DataAccess.csproj", "{36C7ADB4-C438-4DA5-B47F-875AA410CF2B}"
EndProject
Project("{FAE04EC0-301F-11D3-BF4B-00C04F79EFBC}") = "EnterpriseProject.Project.Business", "EnterpriseProject.Project.Business\EnterpriseProject.Project.Business.csproj", "{D75D1BA0-09A7-4C90-9036-7928366A4D20}"
EndProject
Project("{FAE04EC0-301F-11D3-BF4B-00C04F79EFBC}") = "EnterpriseProject.Project.MVCWebUI", "EnterpriseProject.Project.MVCWebUI\EnterpriseProject.Project.MVCWebUI.csproj", "{8F5114A0-6CCC-49BE-9551-B806E87404FA}"
EndProject
Global
	GlobalSection(SolutionConfigurationPlatforms) = preSolution
		Debug|Any CPU = Debug|Any CPU
		Release|Any CPU = Release|Any CPU
	EndGlobalSection
	GlobalSection(ProjectConfigurationPlatforms) = postSolution
		{2EC6EC08-6611-4D81-9BE8-6729DB3C6A74}.Debug|Any CPU.ActiveCfg = Debug|Any CPU
		{2EC6EC08-6611-4D81-9BE8-6729DB3C6A74}.Debug|Any CPU.Build.0 = Debug|Any CPU
		{2EC6EC08-6611-4D81-9BE8-6729DB3C6A74}.Release|Any CPU.ActiveCfg = Release|Any CPU
		{2EC6EC08-6611-4D81-9BE8-6729DB3C6A74}.Release|Any CPU.Build.0 = Release|Any CPU
		{4E099C6C-A901-443D-B9ED-BF4B7A78F350}.Debug|Any CPU.ActiveCfg = Debug|Any CPU
		{4E099C6C-A901-443D-B9ED-BF4B7A78F350}.Debug|Any CPU.Build.0 = Debug|Any CPU
		{4E099C6C-A901-443D-B9ED-BF4B7A78F350}.Release|Any CPU.ActiveCfg = Release|Any CPU
		{4E099C6C-A901-443D-B9ED-BF4B7A78F350}.Release|Any CPU.Build.0 = Release|Any CPU
		{36C7ADB4-C438-4DA5-B47F-875AA410CF2B}.Debug|Any CPU.ActiveCfg = Debug|Any CPU
		{36C7ADB4-C438-4DA5-B47F-875AA410CF2B}.Debug|Any CPU.Build.0 = Debug|Any CPU
		{36C7ADB4-C438-4DA5-B47F-875AA410CF2B}.Release|Any CPU.ActiveCfg = Release|Any CPU
		{36C7ADB4-C438-4DA5-B47F-875AA410CF2B}.Release|Any CPU.Build.0 = Release|Any CPU
		{D75D1BA0-09A7-4C90-9036-7928366A4D20}.Debug|Any CPU.ActiveCfg = Debug|Any CPU
		{D75D1BA0-09A7-4C90-9036-7928366A4D20}.Debug|Any CPU.Build.0 = Debug|Any CPU
		{D75D1BA0-09A7-4C90-9036-7928366A4D20}.Release|Any CPU.ActiveCfg = Release|Any CPU
		{D75D1BA0-09A7-4C90-9036-7928366A4D20}.Release|Any CPU.Build.0 = Release|Any CPU
		{8F5114A0-6CCC-49BE-9551-B806E87404FA}.Debug|Any CPU.ActiveCfg = Debug|Any CPU
		{8F5114A0-6CCC-49BE-9551-B806E87404FA}.Debug|Any CPU.Build.0 = Debug|Any CPU
		{8F5114A0-6CCC-49BE-9551-B806E87404FA}.Release|Any CPU.ActiveCfg = Release|Any CPU
		{8F5114A0-6CCC-49BE-9551-B806E87404FA}.Release|Any CPU.Build.0 = Release|Any CPU
	EndGlobalSection
	GlobalSection(SolutionProperties) = preSolution
		HideSolutionNode = FALSE
	EndGlobalSection
	GlobalSection(ExtensibilityGlobals) = postSolution
		SolutionGuid = {5E024146-372D-4209-B184-BD13D3DF2552}
	EndGlobalSection
EndGlobal
